// !$*UTF8*$!
{
	archiveVersion = 1;
	classes = {
	};
	objectVersion = 46;
	objects = {

/* Begin PBXBuildFile section */
		0C9068737EDC8845A2CFF1A1 /* Pods_iOSTestingExampleTests.framework in Frameworks */ = {isa = PBXBuildFile; fileRef = CCD53E72E3E85CE2E23E521F /* Pods_iOSTestingExampleTests.framework */; };
		4316EDAD1D04AAEF00DEF70A /* iOSTestingExampleUnitTests.swift in Sources */ = {isa = PBXBuildFile; fileRef = 4316EDAC1D04AAEF00DEF70A /* iOSTestingExampleUnitTests.swift */; };
		50BF8716F6846B53A636FF58 /* Pods_iOSTestingExample.framework in Frameworks */ = {isa = PBXBuildFile; fileRef = 901EE6EFC7EAC9A661696ABA /* Pods_iOSTestingExample.framework */; };
		511DC5039BAA367CD92DBAAD /* Pods_iOSTestingExampleKIFTests.framework in Frameworks */ = {isa = PBXBuildFile; fileRef = 500749DD586EE03B8152819F /* Pods_iOSTestingExampleKIFTests.framework */; };
		9C7C88951D00BAC00022B8B2 /* AppDelegate.swift in Sources */ = {isa = PBXBuildFile; fileRef = 9C7C88941D00BAC00022B8B2 /* AppDelegate.swift */; };
		9C7C88971D00BAC00022B8B2 /* ViewController.swift in Sources */ = {isa = PBXBuildFile; fileRef = 9C7C88961D00BAC00022B8B2 /* ViewController.swift */; };
		9C7C889A1D00BAC00022B8B2 /* Main.storyboard in Resources */ = {isa = PBXBuildFile; fileRef = 9C7C88981D00BAC00022B8B2 /* Main.storyboard */; };
		9C7C889C1D00BAC00022B8B2 /* Assets.xcassets in Resources */ = {isa = PBXBuildFile; fileRef = 9C7C889B1D00BAC00022B8B2 /* Assets.xcassets */; };
		9C7C889F1D00BAC00022B8B2 /* LaunchScreen.storyboard in Resources */ = {isa = PBXBuildFile; fileRef = 9C7C889D1D00BAC00022B8B2 /* LaunchScreen.storyboard */; };
		9C7C88AA1D00BAC00022B8B2 /* iOSTestingExampleSnapshotTests.swift in Sources */ = {isa = PBXBuildFile; fileRef = 9C7C88A91D00BAC00022B8B2 /* iOSTestingExampleSnapshotTests.swift */; };
		9C7C88B51D00BAC00022B8B2 /* iOSTestingExampleUITests.swift in Sources */ = {isa = PBXBuildFile; fileRef = 9C7C88B41D00BAC00022B8B2 /* iOSTestingExampleUITests.swift */; };
		9C7C88C91D00BE060022B8B2 /* iOSTestingExampleKIFTests.swift in Sources */ = {isa = PBXBuildFile; fileRef = 9C7C88C81D00BE060022B8B2 /* iOSTestingExampleKIFTests.swift */; };
		B12EEE6A1DE0B2FD00D0791F /* ViewControllerHelper.swift in Sources */ = {isa = PBXBuildFile; fileRef = B12EEE691DE0B2FD00D0791F /* ViewControllerHelper.swift */; };
		B1D794CF1DE21E2D000875B4 /* KIFHelper.swift in Sources */ = {isa = PBXBuildFile; fileRef = B1D794CE1DE21E2D000875B4 /* KIFHelper.swift */; };
		CBE1E226B068D2EF2818A8DC /* Pods_iOSTestingExampleUITests.framework in Frameworks */ = {isa = PBXBuildFile; fileRef = FE891A5C76A096AB98AF1DC5 /* Pods_iOSTestingExampleUITests.framework */; };
/* End PBXBuildFile section */

/* Begin PBXContainerItemProxy section */
		9C7C88A61D00BAC00022B8B2 /* PBXContainerItemProxy */ = {
			isa = PBXContainerItemProxy;
			containerPortal = 9C7C88891D00BAC00022B8B2 /* Project object */;
			proxyType = 1;
			remoteGlobalIDString = 9C7C88901D00BAC00022B8B2;
			remoteInfo = iOSTestingExample;
		};
		9C7C88B11D00BAC00022B8B2 /* PBXContainerItemProxy */ = {
			isa = PBXContainerItemProxy;
			containerPortal = 9C7C88891D00BAC00022B8B2 /* Project object */;
			proxyType = 1;
			remoteGlobalIDString = 9C7C88901D00BAC00022B8B2;
			remoteInfo = iOSTestingExample;
		};
		9C7C88CB1D00BE070022B8B2 /* PBXContainerItemProxy */ = {
			isa = PBXContainerItemProxy;
			containerPortal = 9C7C88891D00BAC00022B8B2 /* Project object */;
			proxyType = 1;
			remoteGlobalIDString = 9C7C88901D00BAC00022B8B2;
			remoteInfo = iOSTestingExample;
		};
/* End PBXContainerItemProxy section */

/* Begin PBXFileReference section */
		0483DBB705BEFA19F3013C95 /* Pods-iOSTestingExampleUITests.debug.xcconfig */ = {isa = PBXFileReference; includeInIndex = 1; lastKnownFileType = text.xcconfig; name = "Pods-iOSTestingExampleUITests.debug.xcconfig"; path = "Pods/Target Support Files/Pods-iOSTestingExampleUITests/Pods-iOSTestingExampleUITests.debug.xcconfig"; sourceTree = "<group>"; };
		2547543AD13932B5A477C3F4 /* Pods-iOSTestingExampleKIFTests.release.xcconfig */ = {isa = PBXFileReference; includeInIndex = 1; lastKnownFileType = text.xcconfig; name = "Pods-iOSTestingExampleKIFTests.release.xcconfig"; path = "Pods/Target Support Files/Pods-iOSTestingExampleKIFTests/Pods-iOSTestingExampleKIFTests.release.xcconfig"; sourceTree = "<group>"; };
		4316EDAC1D04AAEF00DEF70A /* iOSTestingExampleUnitTests.swift */ = {isa = PBXFileReference; fileEncoding = 4; lastKnownFileType = sourcecode.swift; path = iOSTestingExampleUnitTests.swift; sourceTree = "<group>"; };
		500749DD586EE03B8152819F /* Pods_iOSTestingExampleKIFTests.framework */ = {isa = PBXFileReference; explicitFileType = wrapper.framework; includeInIndex = 0; path = Pods_iOSTestingExampleKIFTests.framework; sourceTree = BUILT_PRODUCTS_DIR; };
		901EE6EFC7EAC9A661696ABA /* Pods_iOSTestingExample.framework */ = {isa = PBXFileReference; explicitFileType = wrapper.framework; includeInIndex = 0; path = Pods_iOSTestingExample.framework; sourceTree = BUILT_PRODUCTS_DIR; };
		9BA5D5AAF04E411B2944F0EE /* Pods-iOSTestingExampleUITests.release.xcconfig */ = {isa = PBXFileReference; includeInIndex = 1; lastKnownFileType = text.xcconfig; name = "Pods-iOSTestingExampleUITests.release.xcconfig"; path = "Pods/Target Support Files/Pods-iOSTestingExampleUITests/Pods-iOSTestingExampleUITests.release.xcconfig"; sourceTree = "<group>"; };
		9C7C88911D00BAC00022B8B2 /* iOSTestingExample.app */ = {isa = PBXFileReference; explicitFileType = wrapper.application; includeInIndex = 0; path = iOSTestingExample.app; sourceTree = BUILT_PRODUCTS_DIR; };
		9C7C88941D00BAC00022B8B2 /* AppDelegate.swift */ = {isa = PBXFileReference; lastKnownFileType = sourcecode.swift; path = AppDelegate.swift; sourceTree = "<group>"; };
		9C7C88961D00BAC00022B8B2 /* ViewController.swift */ = {isa = PBXFileReference; lastKnownFileType = sourcecode.swift; path = ViewController.swift; sourceTree = "<group>"; };
		9C7C88991D00BAC00022B8B2 /* Base */ = {isa = PBXFileReference; lastKnownFileType = file.storyboard; name = Base; path = Base.lproj/Main.storyboard; sourceTree = "<group>"; };
		9C7C889B1D00BAC00022B8B2 /* Assets.xcassets */ = {isa = PBXFileReference; lastKnownFileType = folder.assetcatalog; path = Assets.xcassets; sourceTree = "<group>"; };
		9C7C889E1D00BAC00022B8B2 /* Base */ = {isa = PBXFileReference; lastKnownFileType = file.storyboard; name = Base; path = Base.lproj/LaunchScreen.storyboard; sourceTree = "<group>"; };
		9C7C88A01D00BAC00022B8B2 /* Info.plist */ = {isa = PBXFileReference; lastKnownFileType = text.plist.xml; path = Info.plist; sourceTree = "<group>"; };
		9C7C88A51D00BAC00022B8B2 /* iOSTestingExampleTests.xctest */ = {isa = PBXFileReference; explicitFileType = wrapper.cfbundle; includeInIndex = 0; path = iOSTestingExampleTests.xctest; sourceTree = BUILT_PRODUCTS_DIR; };
		9C7C88A91D00BAC00022B8B2 /* iOSTestingExampleSnapshotTests.swift */ = {isa = PBXFileReference; lastKnownFileType = sourcecode.swift; name = iOSTestingExampleSnapshotTests.swift; path = ../iOSTestingExampleSnapshotTests.swift; sourceTree = "<group>"; };
		9C7C88AB1D00BAC00022B8B2 /* Info.plist */ = {isa = PBXFileReference; lastKnownFileType = text.plist.xml; path = Info.plist; sourceTree = "<group>"; };
		9C7C88B01D00BAC00022B8B2 /* iOSTestingExampleUITests.xctest */ = {isa = PBXFileReference; explicitFileType = wrapper.cfbundle; includeInIndex = 0; path = iOSTestingExampleUITests.xctest; sourceTree = BUILT_PRODUCTS_DIR; };
		9C7C88B41D00BAC00022B8B2 /* iOSTestingExampleUITests.swift */ = {isa = PBXFileReference; lastKnownFileType = sourcecode.swift; path = iOSTestingExampleUITests.swift; sourceTree = "<group>"; };
		9C7C88B61D00BAC00022B8B2 /* Info.plist */ = {isa = PBXFileReference; lastKnownFileType = text.plist.xml; path = Info.plist; sourceTree = "<group>"; };
		9C7C88C61D00BE060022B8B2 /* iOSTestingExampleKIFTests.xctest */ = {isa = PBXFileReference; explicitFileType = wrapper.cfbundle; includeInIndex = 0; path = iOSTestingExampleKIFTests.xctest; sourceTree = BUILT_PRODUCTS_DIR; };
		9C7C88C81D00BE060022B8B2 /* iOSTestingExampleKIFTests.swift */ = {isa = PBXFileReference; lastKnownFileType = sourcecode.swift; path = iOSTestingExampleKIFTests.swift; sourceTree = "<group>"; };
		9C7C88CA1D00BE070022B8B2 /* Info.plist */ = {isa = PBXFileReference; lastKnownFileType = text.plist.xml; path = Info.plist; sourceTree = "<group>"; };
		9C7C88D01D00C0710022B8B2 /* iOSTestingExampleKIFTests-Bridging-Header.h */ = {isa = PBXFileReference; lastKnownFileType = sourcecode.c.h; path = "iOSTestingExampleKIFTests-Bridging-Header.h"; sourceTree = "<group>"; };
		ABFCC9FF21944139F1A43AA2 /* Pods-iOSTestingExample.debug.xcconfig */ = {isa = PBXFileReference; includeInIndex = 1; lastKnownFileType = text.xcconfig; name = "Pods-iOSTestingExample.debug.xcconfig"; path = "Pods/Target Support Files/Pods-iOSTestingExample/Pods-iOSTestingExample.debug.xcconfig"; sourceTree = "<group>"; };
		B12EEE691DE0B2FD00D0791F /* ViewControllerHelper.swift */ = {isa = PBXFileReference; fileEncoding = 4; lastKnownFileType = sourcecode.swift; name = ViewControllerHelper.swift; path = ../../ViewControllerHelper.swift; sourceTree = "<group>"; };
		B12EEE6B1DE0B38900D0791F /* ReferenceImages_64 */ = {isa = PBXFileReference; lastKnownFileType = folder; path = ReferenceImages_64; sourceTree = "<group>"; };
		B1D794CE1DE21E2D000875B4 /* KIFHelper.swift */ = {isa = PBXFileReference; fileEncoding = 4; lastKnownFileType = sourcecode.swift; path = KIFHelper.swift; sourceTree = "<group>"; };
		C99722C1DF03757C9D7F635D /* Pods-iOSTestingExample.release.xcconfig */ = {isa = PBXFileReference; includeInIndex = 1; lastKnownFileType = text.xcconfig; name = "Pods-iOSTestingExample.release.xcconfig"; path = "Pods/Target Support Files/Pods-iOSTestingExample/Pods-iOSTestingExample.release.xcconfig"; sourceTree = "<group>"; };
		CCD53E72E3E85CE2E23E521F /* Pods_iOSTestingExampleTests.framework */ = {isa = PBXFileReference; explicitFileType = wrapper.framework; includeInIndex = 0; path = Pods_iOSTestingExampleTests.framework; sourceTree = BUILT_PRODUCTS_DIR; };
		E3F4E95CF8397F2EE17F4DC6 /* Pods-iOSTestingExampleTests.release.xcconfig */ = {isa = PBXFileReference; includeInIndex = 1; lastKnownFileType = text.xcconfig; name = "Pods-iOSTestingExampleTests.release.xcconfig"; path = "Pods/Target Support Files/Pods-iOSTestingExampleTests/Pods-iOSTestingExampleTests.release.xcconfig"; sourceTree = "<group>"; };
		ED7382EA5CB8641CB4CA5903 /* Pods-iOSTestingExampleTests.debug.xcconfig */ = {isa = PBXFileReference; includeInIndex = 1; lastKnownFileType = text.xcconfig; name = "Pods-iOSTestingExampleTests.debug.xcconfig"; path = "Pods/Target Support Files/Pods-iOSTestingExampleTests/Pods-iOSTestingExampleTests.debug.xcconfig"; sourceTree = "<group>"; };
		F383E407C9F195B6F4FD1D76 /* Pods-iOSTestingExampleKIFTests.debug.xcconfig */ = {isa = PBXFileReference; includeInIndex = 1; lastKnownFileType = text.xcconfig; name = "Pods-iOSTestingExampleKIFTests.debug.xcconfig"; path = "Pods/Target Support Files/Pods-iOSTestingExampleKIFTests/Pods-iOSTestingExampleKIFTests.debug.xcconfig"; sourceTree = "<group>"; };
		FE891A5C76A096AB98AF1DC5 /* Pods_iOSTestingExampleUITests.framework */ = {isa = PBXFileReference; explicitFileType = wrapper.framework; includeInIndex = 0; path = Pods_iOSTestingExampleUITests.framework; sourceTree = BUILT_PRODUCTS_DIR; };
/* End PBXFileReference section */

/* Begin PBXFrameworksBuildPhase section */
		9C7C888E1D00BAC00022B8B2 /* Frameworks */ = {
			isa = PBXFrameworksBuildPhase;
			buildActionMask = 2147483647;
			files = (
				50BF8716F6846B53A636FF58 /* Pods_iOSTestingExample.framework in Frameworks */,
			);
			runOnlyForDeploymentPostprocessing = 0;
		};
		9C7C88A21D00BAC00022B8B2 /* Frameworks */ = {
			isa = PBXFrameworksBuildPhase;
			buildActionMask = 2147483647;
			files = (
				0C9068737EDC8845A2CFF1A1 /* Pods_iOSTestingExampleTests.framework in Frameworks */,
			);
			runOnlyForDeploymentPostprocessing = 0;
		};
		9C7C88AD1D00BAC00022B8B2 /* Frameworks */ = {
			isa = PBXFrameworksBuildPhase;
			buildActionMask = 2147483647;
			files = (
				CBE1E226B068D2EF2818A8DC /* Pods_iOSTestingExampleUITests.framework in Frameworks */,
			);
			runOnlyForDeploymentPostprocessing = 0;
		};
		9C7C88C31D00BE060022B8B2 /* Frameworks */ = {
			isa = PBXFrameworksBuildPhase;
			buildActionMask = 2147483647;
			files = (
				511DC5039BAA367CD92DBAAD /* Pods_iOSTestingExampleKIFTests.framework in Frameworks */,
			);
			runOnlyForDeploymentPostprocessing = 0;
		};
/* End PBXFrameworksBuildPhase section */

/* Begin PBXGroup section */
		4316EDAB1D04A9A500DEF70A /* UnitTests */ = {
			isa = PBXGroup;
			children = (
				4316EDAC1D04AAEF00DEF70A /* iOSTestingExampleUnitTests.swift */,
			);
			path = UnitTests;
			sourceTree = "<group>";
		};
		48B2233D5123974E7166D0AA /* Frameworks */ = {
			isa = PBXGroup;
			children = (
				901EE6EFC7EAC9A661696ABA /* Pods_iOSTestingExample.framework */,
				500749DD586EE03B8152819F /* Pods_iOSTestingExampleKIFTests.framework */,
				CCD53E72E3E85CE2E23E521F /* Pods_iOSTestingExampleTests.framework */,
				FE891A5C76A096AB98AF1DC5 /* Pods_iOSTestingExampleUITests.framework */,
			);
			name = Frameworks;
			sourceTree = "<group>";
		};
		9C6390221D00CE5E00260D99 /* SnapshotTests */ = {
			isa = PBXGroup;
			children = (
				B12EEE6B1DE0B38900D0791F /* ReferenceImages_64 */,
				B12EEE691DE0B2FD00D0791F /* ViewControllerHelper.swift */,
				9C7C88A91D00BAC00022B8B2 /* iOSTestingExampleSnapshotTests.swift */,
			);
			path = SnapshotTests;
			sourceTree = "<group>";
		};
		9C7C88881D00BAC00022B8B2 = {
			isa = PBXGroup;
			children = (
				9C7C88931D00BAC00022B8B2 /* iOSTestingExample */,
				9C7C88A81D00BAC00022B8B2 /* iOSTestingExampleTests */,
				9C7C88B31D00BAC00022B8B2 /* iOSTestingExampleUITests */,
				9C7C88C71D00BE060022B8B2 /* iOSTestingExampleKIFTests */,
				9C7C88921D00BAC00022B8B2 /* Products */,
				CBD9B3926AA8809F3F72D4A8 /* Pods */,
				48B2233D5123974E7166D0AA /* Frameworks */,
			);
			sourceTree = "<group>";
		};
		9C7C88921D00BAC00022B8B2 /* Products */ = {
			isa = PBXGroup;
			children = (
				9C7C88911D00BAC00022B8B2 /* iOSTestingExample.app */,
				9C7C88A51D00BAC00022B8B2 /* iOSTestingExampleTests.xctest */,
				9C7C88B01D00BAC00022B8B2 /* iOSTestingExampleUITests.xctest */,
				9C7C88C61D00BE060022B8B2 /* iOSTestingExampleKIFTests.xctest */,
			);
			name = Products;
			sourceTree = "<group>";
		};
		9C7C88931D00BAC00022B8B2 /* iOSTestingExample */ = {
			isa = PBXGroup;
			children = (
				9C7C88941D00BAC00022B8B2 /* AppDelegate.swift */,
				9C7C88961D00BAC00022B8B2 /* ViewController.swift */,
				9C7C88981D00BAC00022B8B2 /* Main.storyboard */,
				9C7C889B1D00BAC00022B8B2 /* Assets.xcassets */,
				9C7C889D1D00BAC00022B8B2 /* LaunchScreen.storyboard */,
				9C7C88A01D00BAC00022B8B2 /* Info.plist */,
			);
			path = iOSTestingExample;
			sourceTree = "<group>";
		};
		9C7C88A81D00BAC00022B8B2 /* iOSTestingExampleTests */ = {
			isa = PBXGroup;
			children = (
				4316EDAB1D04A9A500DEF70A /* UnitTests */,
				9C6390221D00CE5E00260D99 /* SnapshotTests */,
				9C7C88AB1D00BAC00022B8B2 /* Info.plist */,
			);
			path = iOSTestingExampleTests;
			sourceTree = "<group>";
		};
		9C7C88B31D00BAC00022B8B2 /* iOSTestingExampleUITests */ = {
			isa = PBXGroup;
			children = (
				9C7C88B41D00BAC00022B8B2 /* iOSTestingExampleUITests.swift */,
				9C7C88B61D00BAC00022B8B2 /* Info.plist */,
			);
			path = iOSTestingExampleUITests;
			sourceTree = "<group>";
		};
		9C7C88C71D00BE060022B8B2 /* iOSTestingExampleKIFTests */ = {
			isa = PBXGroup;
			children = (
				B1D794CE1DE21E2D000875B4 /* KIFHelper.swift */,
				9C7C88C81D00BE060022B8B2 /* iOSTestingExampleKIFTests.swift */,
				9C7C88CA1D00BE070022B8B2 /* Info.plist */,
				9C7C88D01D00C0710022B8B2 /* iOSTestingExampleKIFTests-Bridging-Header.h */,
			);
			path = iOSTestingExampleKIFTests;
			sourceTree = "<group>";
		};
		CBD9B3926AA8809F3F72D4A8 /* Pods */ = {
			isa = PBXGroup;
			children = (
				ABFCC9FF21944139F1A43AA2 /* Pods-iOSTestingExample.debug.xcconfig */,
				C99722C1DF03757C9D7F635D /* Pods-iOSTestingExample.release.xcconfig */,
				F383E407C9F195B6F4FD1D76 /* Pods-iOSTestingExampleKIFTests.debug.xcconfig */,
				2547543AD13932B5A477C3F4 /* Pods-iOSTestingExampleKIFTests.release.xcconfig */,
				ED7382EA5CB8641CB4CA5903 /* Pods-iOSTestingExampleTests.debug.xcconfig */,
				E3F4E95CF8397F2EE17F4DC6 /* Pods-iOSTestingExampleTests.release.xcconfig */,
				0483DBB705BEFA19F3013C95 /* Pods-iOSTestingExampleUITests.debug.xcconfig */,
				9BA5D5AAF04E411B2944F0EE /* Pods-iOSTestingExampleUITests.release.xcconfig */,
			);
			name = Pods;
			sourceTree = "<group>";
		};
/* End PBXGroup section */

/* Begin PBXNativeTarget section */
		9C7C88901D00BAC00022B8B2 /* iOSTestingExample */ = {
			isa = PBXNativeTarget;
			buildConfigurationList = 9C7C88B91D00BAC00022B8B2 /* Build configuration list for PBXNativeTarget "iOSTestingExample" */;
			buildPhases = (
				0FE0FEFD786AC53F970F6DB7 /* [CP] Check Pods Manifest.lock */,
				9C7C888D1D00BAC00022B8B2 /* Sources */,
				9C7C888E1D00BAC00022B8B2 /* Frameworks */,
				9C7C888F1D00BAC00022B8B2 /* Resources */,
				963233E85E9ABE8B7ECF8D6F /* [CP] Embed Pods Frameworks */,
				A81717854EFF2A7B076B20E1 /* [CP] Copy Pods Resources */,
			);
			buildRules = (
			);
			dependencies = (
			);
			name = iOSTestingExample;
			productName = iOSTestingExample;
			productReference = 9C7C88911D00BAC00022B8B2 /* iOSTestingExample.app */;
			productType = "com.apple.product-type.application";
		};
		9C7C88A41D00BAC00022B8B2 /* iOSTestingExampleTests */ = {
			isa = PBXNativeTarget;
			buildConfigurationList = 9C7C88BC1D00BAC00022B8B2 /* Build configuration list for PBXNativeTarget "iOSTestingExampleTests" */;
			buildPhases = (
				AB657D65BBE0EDB71730DE4D /* [CP] Check Pods Manifest.lock */,
				9C7C88A11D00BAC00022B8B2 /* Sources */,
				9C7C88A21D00BAC00022B8B2 /* Frameworks */,
				9C7C88A31D00BAC00022B8B2 /* Resources */,
				27B2E552759F4E18C62C4D95 /* [CP] Embed Pods Frameworks */,
				70A81725AA782EC5EF902D8A /* [CP] Copy Pods Resources */,
			);
			buildRules = (
			);
			dependencies = (
				9C7C88A71D00BAC00022B8B2 /* PBXTargetDependency */,
			);
			name = iOSTestingExampleTests;
			productName = iOSTestingExampleTests;
			productReference = 9C7C88A51D00BAC00022B8B2 /* iOSTestingExampleTests.xctest */;
			productType = "com.apple.product-type.bundle.unit-test";
		};
		9C7C88AF1D00BAC00022B8B2 /* iOSTestingExampleUITests */ = {
			isa = PBXNativeTarget;
			buildConfigurationList = 9C7C88BF1D00BAC00022B8B2 /* Build configuration list for PBXNativeTarget "iOSTestingExampleUITests" */;
			buildPhases = (
				084A8A076EF311B4F3338590 /* [CP] Check Pods Manifest.lock */,
				9C7C88AC1D00BAC00022B8B2 /* Sources */,
				9C7C88AD1D00BAC00022B8B2 /* Frameworks */,
				9C7C88AE1D00BAC00022B8B2 /* Resources */,
				8E7DB7C4392C9AF6B537F69D /* [CP] Copy Pods Resources */,
				572722C981190EE63A445B85 /* [CP] Embed Pods Frameworks */,
			);
			buildRules = (
			);
			dependencies = (
				9C7C88B21D00BAC00022B8B2 /* PBXTargetDependency */,
			);
			name = iOSTestingExampleUITests;
			productName = iOSTestingExampleUITests;
			productReference = 9C7C88B01D00BAC00022B8B2 /* iOSTestingExampleUITests.xctest */;
			productType = "com.apple.product-type.bundle.ui-testing";
		};
		9C7C88C51D00BE060022B8B2 /* iOSTestingExampleKIFTests */ = {
			isa = PBXNativeTarget;
			buildConfigurationList = 9C7C88CF1D00BE070022B8B2 /* Build configuration list for PBXNativeTarget "iOSTestingExampleKIFTests" */;
			buildPhases = (
				1F8A48F63B6E5387B76EAC99 /* [CP] Check Pods Manifest.lock */,
				9C7C88C21D00BE060022B8B2 /* Sources */,
				9C7C88C31D00BE060022B8B2 /* Frameworks */,
				9C7C88C41D00BE060022B8B2 /* Resources */,
				12A05DD1C76D817CDC91E2D2 /* [CP] Embed Pods Frameworks */,
				3E16C63122BF45D45657C954 /* [CP] Copy Pods Resources */,
			);
			buildRules = (
			);
			dependencies = (
				9C7C88CC1D00BE070022B8B2 /* PBXTargetDependency */,
			);
			name = iOSTestingExampleKIFTests;
			productName = iOSTestingExampleKIFTests;
			productReference = 9C7C88C61D00BE060022B8B2 /* iOSTestingExampleKIFTests.xctest */;
			productType = "com.apple.product-type.bundle.unit-test";
		};
/* End PBXNativeTarget section */

/* Begin PBXProject section */
		9C7C88891D00BAC00022B8B2 /* Project object */ = {
			isa = PBXProject;
			attributes = {
				LastSwiftUpdateCheck = 0730;
				LastUpgradeCheck = 0800;
				ORGANIZATIONNAME = "Ewa Bielska";
				TargetAttributes = {
					9C7C88901D00BAC00022B8B2 = {
						CreatedOnToolsVersion = 7.3.1;
						DevelopmentTeam = GRWC8HUG76;
						LastSwiftMigration = 0800;
					};
					9C7C88A41D00BAC00022B8B2 = {
						CreatedOnToolsVersion = 7.3.1;
						LastSwiftMigration = 0800;
						TestTargetID = 9C7C88901D00BAC00022B8B2;
					};
					9C7C88AF1D00BAC00022B8B2 = {
						CreatedOnToolsVersion = 7.3.1;
						LastSwiftMigration = 0800;
						TestTargetID = 9C7C88901D00BAC00022B8B2;
					};
					9C7C88C51D00BE060022B8B2 = {
						CreatedOnToolsVersion = 7.3.1;
						LastSwiftMigration = 0800;
						TestTargetID = 9C7C88901D00BAC00022B8B2;
					};
				};
			};
			buildConfigurationList = 9C7C888C1D00BAC00022B8B2 /* Build configuration list for PBXProject "iOSTestingExample" */;
			compatibilityVersion = "Xcode 3.2";
			developmentRegion = English;
			hasScannedForEncodings = 0;
			knownRegions = (
				en,
				Base,
			);
			mainGroup = 9C7C88881D00BAC00022B8B2;
			productRefGroup = 9C7C88921D00BAC00022B8B2 /* Products */;
			projectDirPath = "";
			projectRoot = "";
			targets = (
				9C7C88901D00BAC00022B8B2 /* iOSTestingExample */,
				9C7C88A41D00BAC00022B8B2 /* iOSTestingExampleTests */,
				9C7C88AF1D00BAC00022B8B2 /* iOSTestingExampleUITests */,
				9C7C88C51D00BE060022B8B2 /* iOSTestingExampleKIFTests */,
			);
		};
/* End PBXProject section */

/* Begin PBXResourcesBuildPhase section */
		9C7C888F1D00BAC00022B8B2 /* Resources */ = {
			isa = PBXResourcesBuildPhase;
			buildActionMask = 2147483647;
			files = (
				9C7C889F1D00BAC00022B8B2 /* LaunchScreen.storyboard in Resources */,
				9C7C889C1D00BAC00022B8B2 /* Assets.xcassets in Resources */,
				9C7C889A1D00BAC00022B8B2 /* Main.storyboard in Resources */,
			);
			runOnlyForDeploymentPostprocessing = 0;
		};
		9C7C88A31D00BAC00022B8B2 /* Resources */ = {
			isa = PBXResourcesBuildPhase;
			buildActionMask = 2147483647;
			files = (
			);
			runOnlyForDeploymentPostprocessing = 0;
		};
		9C7C88AE1D00BAC00022B8B2 /* Resources */ = {
			isa = PBXResourcesBuildPhase;
			buildActionMask = 2147483647;
			files = (
			);
			runOnlyForDeploymentPostprocessing = 0;
		};
		9C7C88C41D00BE060022B8B2 /* Resources */ = {
			isa = PBXResourcesBuildPhase;
			buildActionMask = 2147483647;
			files = (
			);
			runOnlyForDeploymentPostprocessing = 0;
		};
/* End PBXResourcesBuildPhase section */

/* Begin PBXShellScriptBuildPhase section */
		084A8A076EF311B4F3338590 /* [CP] Check Pods Manifest.lock */ = {
			isa = PBXShellScriptBuildPhase;
			buildActionMask = 2147483647;
			files = (
			);
			inputPaths = (
			);
			name = "[CP] Check Pods Manifest.lock";
			outputPaths = (
			);
			runOnlyForDeploymentPostprocessing = 0;
			shellPath = /bin/sh;
			shellScript = "diff \"${PODS_ROOT}/../Podfile.lock\" \"${PODS_ROOT}/Manifest.lock\" > /dev/null\nif [ $? != 0 ] ; then\n    # print error to STDERR\n    echo \"error: The sandbox is not in sync with the Podfile.lock. Run 'pod install' or update your CocoaPods installation.\" >&2\n    exit 1\nfi\n";
			showEnvVarsInLog = 0;
		};
		0FE0FEFD786AC53F970F6DB7 /* [CP] Check Pods Manifest.lock */ = {
			isa = PBXShellScriptBuildPhase;
			buildActionMask = 2147483647;
			files = (
			);
			inputPaths = (
			);
			name = "[CP] Check Pods Manifest.lock";
			outputPaths = (
			);
			runOnlyForDeploymentPostprocessing = 0;
			shellPath = /bin/sh;
			shellScript = "diff \"${PODS_ROOT}/../Podfile.lock\" \"${PODS_ROOT}/Manifest.lock\" > /dev/null\nif [ $? != 0 ] ; then\n    # print error to STDERR\n    echo \"error: The sandbox is not in sync with the Podfile.lock. Run 'pod install' or update your CocoaPods installation.\" >&2\n    exit 1\nfi\n";
			showEnvVarsInLog = 0;
		};
		12A05DD1C76D817CDC91E2D2 /* [CP] Embed Pods Frameworks */ = {
			isa = PBXShellScriptBuildPhase;
			buildActionMask = 2147483647;
			files = (
			);
			inputPaths = (
			);
			name = "[CP] Embed Pods Frameworks";
			outputPaths = (
			);
			runOnlyForDeploymentPostprocessing = 0;
			shellPath = /bin/sh;
			shellScript = "\"${SRCROOT}/Pods/Target Support Files/Pods-iOSTestingExampleKIFTests/Pods-iOSTestingExampleKIFTests-frameworks.sh\"\n";
			showEnvVarsInLog = 0;
		};
		1F8A48F63B6E5387B76EAC99 /* [CP] Check Pods Manifest.lock */ = {
			isa = PBXShellScriptBuildPhase;
			buildActionMask = 2147483647;
			files = (
			);
			inputPaths = (
			);
			name = "[CP] Check Pods Manifest.lock";
			outputPaths = (
			);
			runOnlyForDeploymentPostprocessing = 0;
			shellPath = /bin/sh;
			shellScript = "diff \"${PODS_ROOT}/../Podfile.lock\" \"${PODS_ROOT}/Manifest.lock\" > /dev/null\nif [ $? != 0 ] ; then\n    # print error to STDERR\n    echo \"error: The sandbox is not in sync with the Podfile.lock. Run 'pod install' or update your CocoaPods installation.\" >&2\n    exit 1\nfi\n";
			showEnvVarsInLog = 0;
		};
		27B2E552759F4E18C62C4D95 /* [CP] Embed Pods Frameworks */ = {
			isa = PBXShellScriptBuildPhase;
			buildActionMask = 2147483647;
			files = (
			);
			inputPaths = (
			);
			name = "[CP] Embed Pods Frameworks";
			outputPaths = (
			);
			runOnlyForDeploymentPostprocessing = 0;
			shellPath = /bin/sh;
			shellScript = "\"${SRCROOT}/Pods/Target Support Files/Pods-iOSTestingExampleTests/Pods-iOSTestingExampleTests-frameworks.sh\"\n";
			showEnvVarsInLog = 0;
		};
		3E16C63122BF45D45657C954 /* [CP] Copy Pods Resources */ = {
			isa = PBXShellScriptBuildPhase;
			buildActionMask = 2147483647;
			files = (
			);
			inputPaths = (
			);
			name = "[CP] Copy Pods Resources";
			outputPaths = (
			);
			runOnlyForDeploymentPostprocessing = 0;
			shellPath = /bin/sh;
			shellScript = "\"${SRCROOT}/Pods/Target Support Files/Pods-iOSTestingExampleKIFTests/Pods-iOSTestingExampleKIFTests-resources.sh\"\n";
			showEnvVarsInLog = 0;
		};
		572722C981190EE63A445B85 /* [CP] Embed Pods Frameworks */ = {
			isa = PBXShellScriptBuildPhase;
			buildActionMask = 2147483647;
			files = (
			);
			inputPaths = (
			);
			name = "[CP] Embed Pods Frameworks";
			outputPaths = (
			);
			runOnlyForDeploymentPostprocessing = 0;
			shellPath = /bin/sh;
			shellScript = "\"${SRCROOT}/Pods/Target Support Files/Pods-iOSTestingExampleUITests/Pods-iOSTestingExampleUITests-frameworks.sh\"\n";
			showEnvVarsInLog = 0;
		};
		70A81725AA782EC5EF902D8A /* [CP] Copy Pods Resources */ = {
			isa = PBXShellScriptBuildPhase;
			buildActionMask = 2147483647;
			files = (
			);
			inputPaths = (
			);
			name = "[CP] Copy Pods Resources";
			outputPaths = (
			);
			runOnlyForDeploymentPostprocessing = 0;
			shellPath = /bin/sh;
			shellScript = "\"${SRCROOT}/Pods/Target Support Files/Pods-iOSTestingExampleTests/Pods-iOSTestingExampleTests-resources.sh\"\n";
			showEnvVarsInLog = 0;
		};
		8E7DB7C4392C9AF6B537F69D /* [CP] Copy Pods Resources */ = {
			isa = PBXShellScriptBuildPhase;
			buildActionMask = 2147483647;
			files = (
			);
			inputPaths = (
			);
			name = "[CP] Copy Pods Resources";
			outputPaths = (
			);
			runOnlyForDeploymentPostprocessing = 0;
			shellPath = /bin/sh;
			shellScript = "\"${SRCROOT}/Pods/Target Support Files/Pods-iOSTestingExampleUITests/Pods-iOSTestingExampleUITests-resources.sh\"\n";
			showEnvVarsInLog = 0;
		};
		963233E85E9ABE8B7ECF8D6F /* [CP] Embed Pods Frameworks */ = {
			isa = PBXShellScriptBuildPhase;
			buildActionMask = 2147483647;
			files = (
			);
			inputPaths = (
			);
			name = "[CP] Embed Pods Frameworks";
			outputPaths = (
			);
			runOnlyForDeploymentPostprocessing = 0;
			shellPath = /bin/sh;
			shellScript = "\"${SRCROOT}/Pods/Target Support Files/Pods-iOSTestingExample/Pods-iOSTestingExample-frameworks.sh\"\n";
			showEnvVarsInLog = 0;
		};
		A81717854EFF2A7B076B20E1 /* [CP] Copy Pods Resources */ = {
			isa = PBXShellScriptBuildPhase;
			buildActionMask = 2147483647;
			files = (
			);
			inputPaths = (
			);
			name = "[CP] Copy Pods Resources";
			outputPaths = (
			);
			runOnlyForDeploymentPostprocessing = 0;
			shellPath = /bin/sh;
			shellScript = "\"${SRCROOT}/Pods/Target Support Files/Pods-iOSTestingExample/Pods-iOSTestingExample-resources.sh\"\n";
			showEnvVarsInLog = 0;
		};
		AB657D65BBE0EDB71730DE4D /* [CP] Check Pods Manifest.lock */ = {
			isa = PBXShellScriptBuildPhase;
			buildActionMask = 2147483647;
			files = (
			);
			inputPaths = (
			);
			name = "[CP] Check Pods Manifest.lock";
			outputPaths = (
			);
			runOnlyForDeploymentPostprocessing = 0;
			shellPath = /bin/sh;
			shellScript = "diff \"${PODS_ROOT}/../Podfile.lock\" \"${PODS_ROOT}/Manifest.lock\" > /dev/null\nif [ $? != 0 ] ; then\n    # print error to STDERR\n    echo \"error: The sandbox is not in sync with the Podfile.lock. Run 'pod install' or update your CocoaPods installation.\" >&2\n    exit 1\nfi\n";
			showEnvVarsInLog = 0;
		};
/* End PBXShellScriptBuildPhase section */

/* Begin PBXSourcesBuildPhase section */
		9C7C888D1D00BAC00022B8B2 /* Sources */ = {
			isa = PBXSourcesBuildPhase;
			buildActionMask = 2147483647;
			files = (
				9C7C88971D00BAC00022B8B2 /* ViewController.swift in Sources */,
				9C7C88951D00BAC00022B8B2 /* AppDelegate.swift in Sources */,
			);
			runOnlyForDeploymentPostprocessing = 0;
		};
		9C7C88A11D00BAC00022B8B2 /* Sources */ = {
			isa = PBXSourcesBuildPhase;
			buildActionMask = 2147483647;
			files = (
				9C7C88AA1D00BAC00022B8B2 /* iOSTestingExampleSnapshotTests.swift in Sources */,
				4316EDAD1D04AAEF00DEF70A /* iOSTestingExampleUnitTests.swift in Sources */,
				B12EEE6A1DE0B2FD00D0791F /* ViewControllerHelper.swift in Sources */,
			);
			runOnlyForDeploymentPostprocessing = 0;
		};
		9C7C88AC1D00BAC00022B8B2 /* Sources */ = {
			isa = PBXSourcesBuildPhase;
			buildActionMask = 2147483647;
			files = (
				9C7C88B51D00BAC00022B8B2 /* iOSTestingExampleUITests.swift in Sources */,
			);
			runOnlyForDeploymentPostprocessing = 0;
		};
		9C7C88C21D00BE060022B8B2 /* Sources */ = {
			isa = PBXSourcesBuildPhase;
			buildActionMask = 2147483647;
			files = (
				B1D794CF1DE21E2D000875B4 /* KIFHelper.swift in Sources */,
				9C7C88C91D00BE060022B8B2 /* iOSTestingExampleKIFTests.swift in Sources */,
			);
			runOnlyForDeploymentPostprocessing = 0;
		};
/* End PBXSourcesBuildPhase section */

/* Begin PBXTargetDependency section */
		9C7C88A71D00BAC00022B8B2 /* PBXTargetDependency */ = {
			isa = PBXTargetDependency;
			target = 9C7C88901D00BAC00022B8B2 /* iOSTestingExample */;
			targetProxy = 9C7C88A61D00BAC00022B8B2 /* PBXContainerItemProxy */;
		};
		9C7C88B21D00BAC00022B8B2 /* PBXTargetDependency */ = {
			isa = PBXTargetDependency;
			target = 9C7C88901D00BAC00022B8B2 /* iOSTestingExample */;
			targetProxy = 9C7C88B11D00BAC00022B8B2 /* PBXContainerItemProxy */;
		};
		9C7C88CC1D00BE070022B8B2 /* PBXTargetDependency */ = {
			isa = PBXTargetDependency;
			target = 9C7C88901D00BAC00022B8B2 /* iOSTestingExample */;
			targetProxy = 9C7C88CB1D00BE070022B8B2 /* PBXContainerItemProxy */;
		};
/* End PBXTargetDependency section */

/* Begin PBXVariantGroup section */
		9C7C88981D00BAC00022B8B2 /* Main.storyboard */ = {
			isa = PBXVariantGroup;
			children = (
				9C7C88991D00BAC00022B8B2 /* Base */,
			);
			name = Main.storyboard;
			sourceTree = "<group>";
		};
		9C7C889D1D00BAC00022B8B2 /* LaunchScreen.storyboard */ = {
			isa = PBXVariantGroup;
			children = (
				9C7C889E1D00BAC00022B8B2 /* Base */,
			);
			name = LaunchScreen.storyboard;
			sourceTree = "<group>";
		};
/* End PBXVariantGroup section */

/* Begin XCBuildConfiguration section */
		9C7C88B71D00BAC00022B8B2 /* Debug */ = {
			isa = XCBuildConfiguration;
			buildSettings = {
				ALWAYS_SEARCH_USER_PATHS = NO;
				CLANG_ANALYZER_NONNULL = YES;
				CLANG_CXX_LANGUAGE_STANDARD = "gnu++0x";
				CLANG_CXX_LIBRARY = "libc++";
				CLANG_ENABLE_MODULES = YES;
				CLANG_ENABLE_OBJC_ARC = YES;
				CLANG_WARN_BOOL_CONVERSION = YES;
				CLANG_WARN_CONSTANT_CONVERSION = YES;
				CLANG_WARN_DIRECT_OBJC_ISA_USAGE = YES_ERROR;
				CLANG_WARN_EMPTY_BODY = YES;
				CLANG_WARN_ENUM_CONVERSION = YES;
				CLANG_WARN_INFINITE_RECURSION = YES;
				CLANG_WARN_INT_CONVERSION = YES;
				CLANG_WARN_OBJC_ROOT_CLASS = YES_ERROR;
				CLANG_WARN_SUSPICIOUS_MOVE = YES;
				CLANG_WARN_UNREACHABLE_CODE = YES;
				CLANG_WARN__DUPLICATE_METHOD_MATCH = YES;
				"CODE_SIGN_IDENTITY[sdk=iphoneos*]" = "iPhone Developer";
				COPY_PHASE_STRIP = NO;
				DEBUG_INFORMATION_FORMAT = dwarf;
				ENABLE_STRICT_OBJC_MSGSEND = YES;
				ENABLE_TESTABILITY = YES;
				GCC_C_LANGUAGE_STANDARD = gnu99;
				GCC_DYNAMIC_NO_PIC = NO;
				GCC_NO_COMMON_BLOCKS = YES;
				GCC_OPTIMIZATION_LEVEL = 0;
				GCC_PREPROCESSOR_DEFINITIONS = (
					"DEBUG=1",
					"$(inherited)",
				);
				GCC_WARN_64_TO_32_BIT_CONVERSION = YES;
				GCC_WARN_ABOUT_RETURN_TYPE = YES_ERROR;
				GCC_WARN_UNDECLARED_SELECTOR = YES;
				GCC_WARN_UNINITIALIZED_AUTOS = YES_AGGRESSIVE;
				GCC_WARN_UNUSED_FUNCTION = YES;
				GCC_WARN_UNUSED_VARIABLE = YES;
				IPHONEOS_DEPLOYMENT_TARGET = 9.3;
				MTL_ENABLE_DEBUG_INFO = YES;
				ONLY_ACTIVE_ARCH = YES;
				SDKROOT = iphoneos;
				SWIFT_OPTIMIZATION_LEVEL = "-Onone";
			};
			name = Debug;
		};
		9C7C88B81D00BAC00022B8B2 /* Release */ = {
			isa = XCBuildConfiguration;
			buildSettings = {
				ALWAYS_SEARCH_USER_PATHS = NO;
				CLANG_ANALYZER_NONNULL = YES;
				CLANG_CXX_LANGUAGE_STANDARD = "gnu++0x";
				CLANG_CXX_LIBRARY = "libc++";
				CLANG_ENABLE_MODULES = YES;
				CLANG_ENABLE_OBJC_ARC = YES;
				CLANG_WARN_BOOL_CONVERSION = YES;
				CLANG_WARN_CONSTANT_CONVERSION = YES;
				CLANG_WARN_DIRECT_OBJC_ISA_USAGE = YES_ERROR;
				CLANG_WARN_EMPTY_BODY = YES;
				CLANG_WARN_ENUM_CONVERSION = YES;
				CLANG_WARN_INFINITE_RECURSION = YES;
				CLANG_WARN_INT_CONVERSION = YES;
				CLANG_WARN_OBJC_ROOT_CLASS = YES_ERROR;
				CLANG_WARN_SUSPICIOUS_MOVE = YES;
				CLANG_WARN_UNREACHABLE_CODE = YES;
				CLANG_WARN__DUPLICATE_METHOD_MATCH = YES;
				"CODE_SIGN_IDENTITY[sdk=iphoneos*]" = "iPhone Developer";
				COPY_PHASE_STRIP = NO;
				DEBUG_INFORMATION_FORMAT = "dwarf-with-dsym";
				ENABLE_NS_ASSERTIONS = NO;
				ENABLE_STRICT_OBJC_MSGSEND = YES;
				GCC_C_LANGUAGE_STANDARD = gnu99;
				GCC_NO_COMMON_BLOCKS = YES;
				GCC_WARN_64_TO_32_BIT_CONVERSION = YES;
				GCC_WARN_ABOUT_RETURN_TYPE = YES_ERROR;
				GCC_WARN_UNDECLARED_SELECTOR = YES;
				GCC_WARN_UNINITIALIZED_AUTOS = YES_AGGRESSIVE;
				GCC_WARN_UNUSED_FUNCTION = YES;
				GCC_WARN_UNUSED_VARIABLE = YES;
				IPHONEOS_DEPLOYMENT_TARGET = 9.3;
				MTL_ENABLE_DEBUG_INFO = NO;
				SDKROOT = iphoneos;
				SWIFT_OPTIMIZATION_LEVEL = "-Owholemodule";
				VALIDATE_PRODUCT = YES;
			};
			name = Release;
		};
		9C7C88BA1D00BAC00022B8B2 /* Debug */ = {
			isa = XCBuildConfiguration;
			baseConfigurationReference = ABFCC9FF21944139F1A43AA2 /* Pods-iOSTestingExample.debug.xcconfig */;
			buildSettings = {
				ASSETCATALOG_COMPILER_APPICON_NAME = AppIcon;
				DEVELOPMENT_TEAM = GRWC8HUG76;
				INFOPLIST_FILE = iOSTestingExample/Info.plist;
				LD_RUNPATH_SEARCH_PATHS = "$(inherited) @executable_path/Frameworks";
				PRODUCT_BUNDLE_IDENTIFIER = com.ewabielska.iOSTestingExample;
				PRODUCT_NAME = "$(TARGET_NAME)";
				SWIFT_VERSION = 3.0;
			};
			name = Debug;
		};
		9C7C88BB1D00BAC00022B8B2 /* Release */ = {
			isa = XCBuildConfiguration;
			baseConfigurationReference = C99722C1DF03757C9D7F635D /* Pods-iOSTestingExample.release.xcconfig */;
			buildSettings = {
				ASSETCATALOG_COMPILER_APPICON_NAME = AppIcon;
				DEVELOPMENT_TEAM = GRWC8HUG76;
				INFOPLIST_FILE = iOSTestingExample/Info.plist;
				LD_RUNPATH_SEARCH_PATHS = "$(inherited) @executable_path/Frameworks";
				PRODUCT_BUNDLE_IDENTIFIER = com.ewabielska.iOSTestingExample;
				PRODUCT_NAME = "$(TARGET_NAME)";
				SWIFT_VERSION = 3.0;
			};
			name = Release;
		};
		9C7C88BD1D00BAC00022B8B2 /* Debug */ = {
			isa = XCBuildConfiguration;
			baseConfigurationReference = ED7382EA5CB8641CB4CA5903 /* Pods-iOSTestingExampleTests.debug.xcconfig */;
			buildSettings = {
				ALWAYS_EMBED_SWIFT_STANDARD_LIBRARIES = YES;
				BUNDLE_LOADER = "$(TEST_HOST)";
				INFOPLIST_FILE = iOSTestingExampleTests/Info.plist;
				LD_RUNPATH_SEARCH_PATHS = "$(inherited) @executable_path/Frameworks @loader_path/Frameworks";
				PRODUCT_BUNDLE_IDENTIFIER = com.ewabielska.iOSTestingExampleTests;
				PRODUCT_NAME = "$(TARGET_NAME)";
				SWIFT_VERSION = 3.0;
				TEST_HOST = "$(BUILT_PRODUCTS_DIR)/iOSTestingExample.app/iOSTestingExample";
			};
			name = Debug;
		};
		9C7C88BE1D00BAC00022B8B2 /* Release */ = {
			isa = XCBuildConfiguration;
			baseConfigurationReference = E3F4E95CF8397F2EE17F4DC6 /* Pods-iOSTestingExampleTests.release.xcconfig */;
			buildSettings = {
				ALWAYS_EMBED_SWIFT_STANDARD_LIBRARIES = YES;
				BUNDLE_LOADER = "$(TEST_HOST)";
				INFOPLIST_FILE = iOSTestingExampleTests/Info.plist;
				LD_RUNPATH_SEARCH_PATHS = "$(inherited) @executable_path/Frameworks @loader_path/Frameworks";
				PRODUCT_BUNDLE_IDENTIFIER = com.ewabielska.iOSTestingExampleTests;
				PRODUCT_NAME = "$(TARGET_NAME)";
				SWIFT_VERSION = 3.0;
				TEST_HOST = "$(BUILT_PRODUCTS_DIR)/iOSTestingExample.app/iOSTestingExample";
			};
			name = Release;
		};
		9C7C88C01D00BAC00022B8B2 /* Debug */ = {
			isa = XCBuildConfiguration;
			baseConfigurationReference = 0483DBB705BEFA19F3013C95 /* Pods-iOSTestingExampleUITests.debug.xcconfig */;
			buildSettings = {
				INFOPLIST_FILE = iOSTestingExampleUITests/Info.plist;
				LD_RUNPATH_SEARCH_PATHS = "$(inherited) @executable_path/Frameworks @loader_path/Frameworks";
				PRODUCT_BUNDLE_IDENTIFIER = com.ewabielska.iOSTestingExampleUITests;
				PRODUCT_NAME = "$(TARGET_NAME)";
				SWIFT_VERSION = 3.0;
				TEST_TARGET_NAME = iOSTestingExample;
			};
			name = Debug;
		};
		9C7C88C11D00BAC00022B8B2 /* Release */ = {
			isa = XCBuildConfiguration;
			baseConfigurationReference = 9BA5D5AAF04E411B2944F0EE /* Pods-iOSTestingExampleUITests.release.xcconfig */;
			buildSettings = {
				INFOPLIST_FILE = iOSTestingExampleUITests/Info.plist;
				LD_RUNPATH_SEARCH_PATHS = "$(inherited) @executable_path/Frameworks @loader_path/Frameworks";
				PRODUCT_BUNDLE_IDENTIFIER = com.ewabielska.iOSTestingExampleUITests;
				PRODUCT_NAME = "$(TARGET_NAME)";
				SWIFT_VERSION = 3.0;
				TEST_TARGET_NAME = iOSTestingExample;
			};
			name = Release;
		};
		9C7C88CD1D00BE070022B8B2 /* Debug */ = {
			isa = XCBuildConfiguration;
			baseConfigurationReference = F383E407C9F195B6F4FD1D76 /* Pods-iOSTestingExampleKIFTests.debug.xcconfig */;
			buildSettings = {
				BUNDLE_LOADER = "$(TEST_HOST)";
				CLANG_ENABLE_MODULES = YES;
				INFOPLIST_FILE = iOSTestingExampleKIFTests/Info.plist;
				LD_RUNPATH_SEARCH_PATHS = "$(inherited) @executable_path/Frameworks @loader_path/Frameworks";
				PRODUCT_BUNDLE_IDENTIFIER = com.ewabielska.iOSTestingExampleKIFTests;
				PRODUCT_NAME = "$(TARGET_NAME)";
				SWIFT_OBJC_BRIDGING_HEADER = "iOSTestingExampleKIFTests/iOSTestingExampleKIFTests-Bridging-Header.h";
				SWIFT_OPTIMIZATION_LEVEL = "-Onone";
				SWIFT_VERSION = 3.0;
				TEST_HOST = "$(BUILT_PRODUCTS_DIR)/iOSTestingExample.app/iOSTestingExample";
			};
			name = Debug;
		};
		9C7C88CE1D00BE070022B8B2 /* Release */ = {
			isa = XCBuildConfiguration;
			baseConfigurationReference = 2547543AD13932B5A477C3F4 /* Pods-iOSTestingExampleKIFTests.release.xcconfig */;
			buildSettings = {
				BUNDLE_LOADER = "$(TEST_HOST)";
				CLANG_ENABLE_MODULES = YES;
				INFOPLIST_FILE = iOSTestingExampleKIFTests/Info.plist;
				LD_RUNPATH_SEARCH_PATHS = "$(inherited) @executable_path/Frameworks @loader_path/Frameworks";
				PRODUCT_BUNDLE_IDENTIFIER = com.ewabielska.iOSTestingExampleKIFTests;
				PRODUCT_NAME = "$(TARGET_NAME)";
				SWIFT_OBJC_BRIDGING_HEADER = "iOSTestingExampleKIFTests/iOSTestingExampleKIFTests-Bridging-Header.h";
				SWIFT_VERSION = 3.0;
				TEST_HOST = "$(BUILT_PRODUCTS_DIR)/iOSTestingExample.app/iOSTestingExample";
			};
			name = Release;
		};
/* End XCBuildConfiguration section */

/* Begin XCConfigurationList section */
		9C7C888C1D00BAC00022B8B2 /* Build configuration list for PBXProject "iOSTestingExample" */ = {
			isa = XCConfigurationList;
			buildConfigurations = (
				9C7C88B71D00BAC00022B8B2 /* Debug */,
				9C7C88B81D00BAC00022B8B2 /* Release */,
			);
			defaultConfigurationIsVisible = 0;
			defaultConfigurationName = Release;
		};
		9C7C88B91D00BAC00022B8B2 /* Build configuration list for PBXNativeTarget "iOSTestingExample" */ = {
			isa = XCConfigurationList;
			buildConfigurations = (
				9C7C88BA1D00BAC00022B8B2 /* Debug */,
				9C7C88BB1D00BAC00022B8B2 /* Release */,
			);
			defaultConfigurationIsVisible = 0;
			defaultConfigurationName = Release;
		};
		9C7C88BC1D00BAC00022B8B2 /* Build configuration list for PBXNativeTarget "iOSTestingExampleTests" */ = {
			isa = XCConfigurationList;
			buildConfigurations = (
				9C7C88BD1D00BAC00022B8B2 /* Debug */,
				9C7C88BE1D00BAC00022B8B2 /* Release */,
			);
			defaultConfigurationIsVisible = 0;
			defaultConfigurationName = Release;
		};
		9C7C88BF1D00BAC00022B8B2 /* Build configuration list for PBXNativeTarget "iOSTestingExampleUITests" */ = {
			isa = XCConfigurationList;
			buildConfigurations = (
				9C7C88C01D00BAC00022B8B2 /* Debug */,
				9C7C88C11D00BAC00022B8B2 /* Release */,
			);
			defaultConfigurationIsVisible = 0;
			defaultConfigurationName = Release;
		};
		9C7C88CF1D00BE070022B8B2 /* Build configuration list for PBXNativeTarget "iOSTestingExampleKIFTests" */ = {
			isa = XCConfigurationList;
			buildConfigurations = (
				9C7C88CD1D00BE070022B8B2 /* Debug */,
				9C7C88CE1D00BE070022B8B2 /* Release */,
			);
			defaultConfigurationIsVisible = 0;
			defaultConfigurationName = Release;
		};
/* End XCConfigurationList section */
	};
	rootObject = 9C7C88891D00BAC00022B8B2 /* Project object */;
}
