PODS:
  - FBSnapshotTestCase (2.1.0):
    - FBSnapshotTestCase/SwiftSupport (= 2.1.0)
  - FBSnapshotTestCase/Core (2.1.0)
  - FBSnapshotTestCase/SwiftSupport (2.1.0):
    - FBSnapshotTestCase/Core
  - Firebase (2.5.1)
  - KIF (3.4.2):
    - KIF/Core (= 3.4.2)
  - KIF/Core (3.4.2)
  - OCMock (3.3)
  - SnapKit (0.20.0)

DEPENDENCIES:
  - FBSnapshotTestCase (~> 2.1)
  - Firebase (>= 2.5.1)
  - KIF (~> 3.4)
  - OCMock (~> 3.3)
  - SnapKit (~> 0.20)

SPEC CHECKSUMS:
  FBSnapshotTestCase: 366ecd378511d7716c79991cd8067d1eed23578d
  Firebase: 3565ea88b830f28f2c77ecc524622bc71a20d085
  KIF: b518c9831453abea5afdbbde3908ec47832d6d56
  OCMock: d68685bde31f69cb61d518dcb39269080c78b5ed
  SnapKit: 5fce3c1bbbf1fbd31de9aa92f33eb9fa03f15650

COCOAPODS: 0.39.0
